
Microsoft Visual Studio Solution File, Format Version 12.00
# Visual Studio Version 16
VisualStudioVersion = 16.0.31129.286
MinimumVisualStudioVersion = 10.0.40219.1
Project("{2150E333-8FDC-42A3-9474-1A3956D46DE8}") = "Common", "Common", "{FAAC9F35-9B5C-45C1-8A14-08E0C3003011}"
EndProject
Project("{2150E333-8FDC-42A3-9474-1A3956D46DE8}") = "Core", "Core", "{CA458A31-FD21-4EEB-92BB-360F7F2F850B}"
EndProject
Project("{2150E333-8FDC-42A3-9474-1A3956D46DE8}") = "Infrastructure", "Infrastructure", "{EFCB01D4-54E0-4643-9439-1671EA808AEE}"
EndProject
Project("{2150E333-8FDC-42A3-9474-1A3956D46DE8}") = "Presentation", "Presentation", "{FCE72066-F553-4F4D-912C-69F6984C6981}"
EndProject
Project("{2150E333-8FDC-42A3-9474-1A3956D46DE8}") = "Tests", "Tests", "{7B7AC797-9D9B-4280-98D3-ED3BC961435D}"
EndProject
Project("{9A19103F-16F7-4668-BE54-9A1E7A4F7556}") = "Automat.Unittest", "Automat.Unittest\Automat.Unittest.csproj", "{D14547E4-E25A-4A5D-8A7E-FA10BD942D17}"
EndProject
Project("{9A19103F-16F7-4668-BE54-9A1E7A4F7556}") = "Automat.IntegrationTest", "Automat.IntegrationTest\Automat.IntegrationTest.csproj", "{5CA1BB8E-8A49-42ED-8E00-D36971D0FCAC}"
EndProject
Project("{9A19103F-16F7-4668-BE54-9A1E7A4F7556}") = "Automat.Common", "Automat.Common\Automat.Common.csproj", "{7DCE502C-B32D-43C5-915F-FF43AC3ADCEB}"
EndProject
Project("{9A19103F-16F7-4668-BE54-9A1E7A4F7556}") = "Automat.Application", "Automat.Application\Automat.Application.csproj", "{439884CF-917C-4879-947C-750A2B7030FB}"
EndProject
Project("{9A19103F-16F7-4668-BE54-9A1E7A4F7556}") = "Automat.Domain", "Automat.Domain\Automat.Domain.csproj", "{0240BFA6-491C-48ED-A21D-EF3010D41E88}"
EndProject
Project("{9A19103F-16F7-4668-BE54-9A1E7A4F7556}") = "Automat.Infrastructure", "Automat.Infrastructure\Automat.Infrastructure.csproj", "{1E873992-0BF6-42E4-9794-379709FE3C85}"
EndProject
Project("{9A19103F-16F7-4668-BE54-9A1E7A4F7556}") = "Automat.Persistence", "Automat.Persistence\Automat.Persistence.csproj", "{595A28E3-5CB7-464E-8B17-9446F5188B11}"
EndProject
Project("{9A19103F-16F7-4668-BE54-9A1E7A4F7556}") = "Automat.ProductApi", "Automat.ProductApi\Automat.ProductApi.csproj", "{4E1FC55C-32AA-4AC6-B300-E814A794D16A}"
EndProject
Project("{9A19103F-16F7-4668-BE54-9A1E7A4F7556}") = "SharedLibrary", "SharedLibrary\SharedLibrary.csproj", "{6BD33C7F-7917-4EEB-88FE-42C6B875D1DF}"
EndProject
Project("{9A19103F-16F7-4668-BE54-9A1E7A4F7556}") = "Automat.OrderApi", "Automat.OrderApi\Automat.OrderApi.csproj", "{EA578C3A-E0E9-4620-84AD-298184657CB5}"
EndProject
Project("{9A19103F-16F7-4668-BE54-9A1E7A4F7556}") = "Automat.ShoppingCartApi", "Automat.ShoppingCartApi\Automat.ShoppingCartApi.csproj", "{C390F8EB-D8B2-4530-8A61-9204F0A11E16}"
EndProject
Project("{FAE04EC0-301F-11D3-BF4B-00C04F79EFBC}") = "Automat.ManagementApi", "Automat.ManagementApi\Automat.ManagementApi.csproj", "{1C40222F-5826-4539-B804-0ADE9E6E9AAC}"
EndProject
Global
	GlobalSection(SolutionConfigurationPlatforms) = preSolution
		Debug|Any CPU = Debug|Any CPU
		Release|Any CPU = Release|Any CPU
	EndGlobalSection
	GlobalSection(ProjectConfigurationPlatforms) = postSolution
		{D14547E4-E25A-4A5D-8A7E-FA10BD942D17}.Debug|Any CPU.ActiveCfg = Debug|Any CPU
		{D14547E4-E25A-4A5D-8A7E-FA10BD942D17}.Debug|Any CPU.Build.0 = Debug|Any CPU
		{D14547E4-E25A-4A5D-8A7E-FA10BD942D17}.Release|Any CPU.ActiveCfg = Release|Any CPU
		{D14547E4-E25A-4A5D-8A7E-FA10BD942D17}.Release|Any CPU.Build.0 = Release|Any CPU
		{5CA1BB8E-8A49-42ED-8E00-D36971D0FCAC}.Debug|Any CPU.ActiveCfg = Debug|Any CPU
		{5CA1BB8E-8A49-42ED-8E00-D36971D0FCAC}.Debug|Any CPU.Build.0 = Debug|Any CPU
		{5CA1BB8E-8A49-42ED-8E00-D36971D0FCAC}.Release|Any CPU.ActiveCfg = Release|Any CPU
		{5CA1BB8E-8A49-42ED-8E00-D36971D0FCAC}.Release|Any CPU.Build.0 = Release|Any CPU
		{7DCE502C-B32D-43C5-915F-FF43AC3ADCEB}.Debug|Any CPU.ActiveCfg = Debug|Any CPU
		{7DCE502C-B32D-43C5-915F-FF43AC3ADCEB}.Debug|Any CPU.Build.0 = Debug|Any CPU
		{7DCE502C-B32D-43C5-915F-FF43AC3ADCEB}.Release|Any CPU.ActiveCfg = Release|Any CPU
		{7DCE502C-B32D-43C5-915F-FF43AC3ADCEB}.Release|Any CPU.Build.0 = Release|Any CPU
		{439884CF-917C-4879-947C-750A2B7030FB}.Debug|Any CPU.ActiveCfg = Debug|Any CPU
		{439884CF-917C-4879-947C-750A2B7030FB}.Debug|Any CPU.Build.0 = Debug|Any CPU
		{439884CF-917C-4879-947C-750A2B7030FB}.Release|Any CPU.ActiveCfg = Release|Any CPU
		{439884CF-917C-4879-947C-750A2B7030FB}.Release|Any CPU.Build.0 = Release|Any CPU
		{0240BFA6-491C-48ED-A21D-EF3010D41E88}.Debug|Any CPU.ActiveCfg = Debug|Any CPU
		{0240BFA6-491C-48ED-A21D-EF3010D41E88}.Debug|Any CPU.Build.0 = Debug|Any CPU
		{0240BFA6-491C-48ED-A21D-EF3010D41E88}.Release|Any CPU.ActiveCfg = Release|Any CPU
		{0240BFA6-491C-48ED-A21D-EF3010D41E88}.Release|Any CPU.Build.0 = Release|Any CPU
		{1E873992-0BF6-42E4-9794-379709FE3C85}.Debug|Any CPU.ActiveCfg = Debug|Any CPU
		{1E873992-0BF6-42E4-9794-379709FE3C85}.Debug|Any CPU.Build.0 = Debug|Any CPU
		{1E873992-0BF6-42E4-9794-379709FE3C85}.Release|Any CPU.ActiveCfg = Release|Any CPU
		{1E873992-0BF6-42E4-9794-379709FE3C85}.Release|Any CPU.Build.0 = Release|Any CPU
		{595A28E3-5CB7-464E-8B17-9446F5188B11}.Debug|Any CPU.ActiveCfg = Debug|Any CPU
		{595A28E3-5CB7-464E-8B17-9446F5188B11}.Debug|Any CPU.Build.0 = Debug|Any CPU
		{595A28E3-5CB7-464E-8B17-9446F5188B11}.Release|Any CPU.ActiveCfg = Release|Any CPU
		{595A28E3-5CB7-464E-8B17-9446F5188B11}.Release|Any CPU.Build.0 = Release|Any CPU
		{4E1FC55C-32AA-4AC6-B300-E814A794D16A}.Debug|Any CPU.ActiveCfg = Debug|Any CPU
		{4E1FC55C-32AA-4AC6-B300-E814A794D16A}.Debug|Any CPU.Build.0 = Debug|Any CPU
		{4E1FC55C-32AA-4AC6-B300-E814A794D16A}.Release|Any CPU.ActiveCfg = Release|Any CPU
		{4E1FC55C-32AA-4AC6-B300-E814A794D16A}.Release|Any CPU.Build.0 = Release|Any CPU
		{6BD33C7F-7917-4EEB-88FE-42C6B875D1DF}.Debug|Any CPU.ActiveCfg = Debug|Any CPU
		{6BD33C7F-7917-4EEB-88FE-42C6B875D1DF}.Debug|Any CPU.Build.0 = Debug|Any CPU
		{6BD33C7F-7917-4EEB-88FE-42C6B875D1DF}.Release|Any CPU.ActiveCfg = Release|Any CPU
		{6BD33C7F-7917-4EEB-88FE-42C6B875D1DF}.Release|Any CPU.Build.0 = Release|Any CPU
		{EA578C3A-E0E9-4620-84AD-298184657CB5}.Debug|Any CPU.ActiveCfg = Debug|Any CPU
		{EA578C3A-E0E9-4620-84AD-298184657CB5}.Debug|Any CPU.Build.0 = Debug|Any CPU
		{EA578C3A-E0E9-4620-84AD-298184657CB5}.Release|Any CPU.ActiveCfg = Release|Any CPU
		{EA578C3A-E0E9-4620-84AD-298184657CB5}.Release|Any CPU.Build.0 = Release|Any CPU
		{C390F8EB-D8B2-4530-8A61-9204F0A11E16}.Debug|Any CPU.ActiveCfg = Debug|Any CPU
		{C390F8EB-D8B2-4530-8A61-9204F0A11E16}.Debug|Any CPU.Build.0 = Debug|Any CPU
		{C390F8EB-D8B2-4530-8A61-9204F0A11E16}.Release|Any CPU.ActiveCfg = Release|Any CPU
		{C390F8EB-D8B2-4530-8A61-9204F0A11E16}.Release|Any CPU.Build.0 = Release|Any CPU
		{1C40222F-5826-4539-B804-0ADE9E6E9AAC}.Debug|Any CPU.ActiveCfg = Debug|Any CPU
		{1C40222F-5826-4539-B804-0ADE9E6E9AAC}.Debug|Any CPU.Build.0 = Debug|Any CPU
		{1C40222F-5826-4539-B804-0ADE9E6E9AAC}.Release|Any CPU.ActiveCfg = Release|Any CPU
		{1C40222F-5826-4539-B804-0ADE9E6E9AAC}.Release|Any CPU.Build.0 = Release|Any CPU
	EndGlobalSection
	GlobalSection(SolutionProperties) = preSolution
		HideSolutionNode = FALSE
	EndGlobalSection
	GlobalSection(NestedProjects) = preSolution
		{D14547E4-E25A-4A5D-8A7E-FA10BD942D17} = {7B7AC797-9D9B-4280-98D3-ED3BC961435D}
		{5CA1BB8E-8A49-42ED-8E00-D36971D0FCAC} = {7B7AC797-9D9B-4280-98D3-ED3BC961435D}
		{7DCE502C-B32D-43C5-915F-FF43AC3ADCEB} = {FAAC9F35-9B5C-45C1-8A14-08E0C3003011}
		{439884CF-917C-4879-947C-750A2B7030FB} = {CA458A31-FD21-4EEB-92BB-360F7F2F850B}
		{0240BFA6-491C-48ED-A21D-EF3010D41E88} = {CA458A31-FD21-4EEB-92BB-360F7F2F850B}
		{1E873992-0BF6-42E4-9794-379709FE3C85} = {EFCB01D4-54E0-4643-9439-1671EA808AEE}
		{595A28E3-5CB7-464E-8B17-9446F5188B11} = {EFCB01D4-54E0-4643-9439-1671EA808AEE}
		{4E1FC55C-32AA-4AC6-B300-E814A794D16A} = {FCE72066-F553-4F4D-912C-69F6984C6981}
		{EA578C3A-E0E9-4620-84AD-298184657CB5} = {FCE72066-F553-4F4D-912C-69F6984C6981}
		{C390F8EB-D8B2-4530-8A61-9204F0A11E16} = {FCE72066-F553-4F4D-912C-69F6984C6981}
		{1C40222F-5826-4539-B804-0ADE9E6E9AAC} = {FCE72066-F553-4F4D-912C-69F6984C6981}
	EndGlobalSection
	GlobalSection(ExtensibilityGlobals) = postSolution
		SolutionGuid = {7EF58477-9CE1-46C3-A56A-FF520357DD4C}
	EndGlobalSection
EndGlobal
